
Microsoft Visual Studio Solution File, Format Version 12.00
# Visual Studio Version 16
VisualStudioVersion = 16.0.30114.105
MinimumVisualStudioVersion = 10.0.40219.1
Project("{2150E333-8FDC-42A3-9474-1A3956D46DE8}") = "BookingService", "BookingService", "{552797D0-23CA-4352-8F78-FFF4DC71B2E1}"
EndProject
Project("{2150E333-8FDC-42A3-9474-1A3956D46DE8}") = "Core", "Core", "{474BC073-9B9E-4979-800D-E58B5DEB5790}"
EndProject
Project("{FAE04EC0-301F-11D3-BF4B-00C04F79EFBC}") = "Domain", "BookingService\Core\Domain\Domain.csproj", "{21B01714-D05E-4EFB-B293-30A008D47639}"
EndProject
Project("{FAE04EC0-301F-11D3-BF4B-00C04F79EFBC}") = "Application", "BookingService\Core\Application\Application.csproj", "{CF8A04A2-E4BF-4655-B85D-800EBC5DE339}"
EndProject
Project("{2150E333-8FDC-42A3-9474-1A3956D46DE8}") = "Consumers", "Consumers", "{3F99F4D8-0445-42F7-BD48-895E1004F86F}"
EndProject
Project("{FAE04EC0-301F-11D3-BF4B-00C04F79EFBC}") = "API", "BookingService\Consumers\API\API.csproj", "{773A43AC-F45E-43A8-89AD-B9F0D06C7245}"
EndProject
Project("{2150E333-8FDC-42A3-9474-1A3956D46DE8}") = "Adpters", "Adpters", "{9C255AA4-4049-44D4-803F-1E5DAFF3C9BA}"
EndProject
Project("{FAE04EC0-301F-11D3-BF4B-00C04F79EFBC}") = "Data", "BookingService\Adpters\Data\Data.csproj", "{4330986D-FFBD-4B09-AB6E-626C8535271D}"
EndProject
Project("{2150E333-8FDC-42A3-9474-1A3956D46DE8}") = "Tests", "Tests", "{C46CCFD4-401C-40BE-8959-77DC2FA788D3}"
EndProject
Project("{2150E333-8FDC-42A3-9474-1A3956D46DE8}") = "Domain", "Domain", "{7BB8A86C-E29C-437E-A7C3-CE2622EDEA3D}"
EndProject
Project("{FAE04EC0-301F-11D3-BF4B-00C04F79EFBC}") = "DomainTests", "BookingService\Tests\Domain\DomainTests\DomainTests.csproj", "{9AFB3E6B-099D-4B7B-945B-B4C2F419A36A}"
EndProject
Global
	GlobalSection(SolutionConfigurationPlatforms) = preSolution
		Debug|Any CPU = Debug|Any CPU
		Release|Any CPU = Release|Any CPU
	EndGlobalSection
	GlobalSection(SolutionProperties) = preSolution
		HideSolutionNode = FALSE
	EndGlobalSection
	GlobalSection(ProjectConfigurationPlatforms) = postSolution
		{21B01714-D05E-4EFB-B293-30A008D47639}.Debug|Any CPU.ActiveCfg = Debug|Any CPU
		{21B01714-D05E-4EFB-B293-30A008D47639}.Debug|Any CPU.Build.0 = Debug|Any CPU
		{21B01714-D05E-4EFB-B293-30A008D47639}.Release|Any CPU.ActiveCfg = Release|Any CPU
		{21B01714-D05E-4EFB-B293-30A008D47639}.Release|Any CPU.Build.0 = Release|Any CPU
		{CF8A04A2-E4BF-4655-B85D-800EBC5DE339}.Debug|Any CPU.ActiveCfg = Debug|Any CPU
		{CF8A04A2-E4BF-4655-B85D-800EBC5DE339}.Debug|Any CPU.Build.0 = Debug|Any CPU
		{CF8A04A2-E4BF-4655-B85D-800EBC5DE339}.Release|Any CPU.ActiveCfg = Release|Any CPU
		{CF8A04A2-E4BF-4655-B85D-800EBC5DE339}.Release|Any CPU.Build.0 = Release|Any CPU
		{773A43AC-F45E-43A8-89AD-B9F0D06C7245}.Debug|Any CPU.ActiveCfg = Debug|Any CPU
		{773A43AC-F45E-43A8-89AD-B9F0D06C7245}.Debug|Any CPU.Build.0 = Debug|Any CPU
		{773A43AC-F45E-43A8-89AD-B9F0D06C7245}.Release|Any CPU.ActiveCfg = Release|Any CPU
		{773A43AC-F45E-43A8-89AD-B9F0D06C7245}.Release|Any CPU.Build.0 = Release|Any CPU
		{4330986D-FFBD-4B09-AB6E-626C8535271D}.Debug|Any CPU.ActiveCfg = Debug|Any CPU
		{4330986D-FFBD-4B09-AB6E-626C8535271D}.Debug|Any CPU.Build.0 = Debug|Any CPU
		{4330986D-FFBD-4B09-AB6E-626C8535271D}.Release|Any CPU.ActiveCfg = Release|Any CPU
		{4330986D-FFBD-4B09-AB6E-626C8535271D}.Release|Any CPU.Build.0 = Release|Any CPU
		{9AFB3E6B-099D-4B7B-945B-B4C2F419A36A}.Debug|Any CPU.ActiveCfg = Debug|Any CPU
		{9AFB3E6B-099D-4B7B-945B-B4C2F419A36A}.Debug|Any CPU.Build.0 = Debug|Any CPU
		{9AFB3E6B-099D-4B7B-945B-B4C2F419A36A}.Release|Any CPU.ActiveCfg = Release|Any CPU
		{9AFB3E6B-099D-4B7B-945B-B4C2F419A36A}.Release|Any CPU.Build.0 = Release|Any CPU
	EndGlobalSection
	GlobalSection(NestedProjects) = preSolution
		{474BC073-9B9E-4979-800D-E58B5DEB5790} = {552797D0-23CA-4352-8F78-FFF4DC71B2E1}
		{21B01714-D05E-4EFB-B293-30A008D47639} = {474BC073-9B9E-4979-800D-E58B5DEB5790}
		{CF8A04A2-E4BF-4655-B85D-800EBC5DE339} = {474BC073-9B9E-4979-800D-E58B5DEB5790}
		{3F99F4D8-0445-42F7-BD48-895E1004F86F} = {552797D0-23CA-4352-8F78-FFF4DC71B2E1}
		{773A43AC-F45E-43A8-89AD-B9F0D06C7245} = {3F99F4D8-0445-42F7-BD48-895E1004F86F}
		{9C255AA4-4049-44D4-803F-1E5DAFF3C9BA} = {552797D0-23CA-4352-8F78-FFF4DC71B2E1}
		{4330986D-FFBD-4B09-AB6E-626C8535271D} = {9C255AA4-4049-44D4-803F-1E5DAFF3C9BA}
		{C46CCFD4-401C-40BE-8959-77DC2FA788D3} = {552797D0-23CA-4352-8F78-FFF4DC71B2E1}
		{7BB8A86C-E29C-437E-A7C3-CE2622EDEA3D} = {C46CCFD4-401C-40BE-8959-77DC2FA788D3}
		{9AFB3E6B-099D-4B7B-945B-B4C2F419A36A} = {7BB8A86C-E29C-437E-A7C3-CE2622EDEA3D}
	EndGlobalSection
EndGlobal
